
Microsoft Visual Studio Solution File, Format Version 12.00
# Visual Studio Version 16
VisualStudioVersion = 16.0.29709.97
MinimumVisualStudioVersion = 10.0.40219.1
Project("{2150E333-8FDC-42A3-9474-1A3956D46DE8}") = "Microservices", "Microservices", "{C1140BCD-CFFC-4F36-B8B5-6AA4FA2C845D}"
EndProject
Project("{2150E333-8FDC-42A3-9474-1A3956D46DE8}") = "Domain", "Domain", "{F3A43B98-784B-4D21-ACFF-0581AC56B060}"
EndProject
Project("{2150E333-8FDC-42A3-9474-1A3956D46DE8}") = "Infra.Bus", "Infra.Bus", "{D8172E07-09DC-47A6-B8DC-9BAA7C983049}"
EndProject
Project("{2150E333-8FDC-42A3-9474-1A3956D46DE8}") = "Infra.IOC", "Infra.IOC", "{4B62C25D-AD1A-4C8A-AB3D-F0762E7A0D6C}"
EndProject
Project("{2150E333-8FDC-42A3-9474-1A3956D46DE8}") = "Presentation", "Presentation", "{96E6AD89-14CF-4225-8AB2-51F93300A794}"
EndProject
Project("{9A19103F-16F7-4668-BE54-9A1E7A4F7556}") = "MicroRabbit.Domail.Core", "MicroRabbit.Domail.Core\MicroRabbit.Domail.Core.csproj", "{EDE76607-F0DD-4AD0-A5C8-941F9B24E5DB}"
EndProject
Project("{9A19103F-16F7-4668-BE54-9A1E7A4F7556}") = "MicroRabbit.Infra.Bus", "MicroRabbit.Infra.Bus\MicroRabbit.Infra.Bus.csproj", "{1C9EBA53-5623-4F85-9138-FEC377C97151}"
EndProject
Project("{FAE04EC0-301F-11D3-BF4B-00C04F79EFBC}") = "MicroRabbit.Infra.IoC", "MicroRabbit.Infra.IoC\MicroRabbit.Infra.IoC.csproj", "{51ED9DEF-0BA9-4218-B5B9-52A3E900C994}"
EndProject
Global
	GlobalSection(SolutionConfigurationPlatforms) = preSolution
		Debug|Any CPU = Debug|Any CPU
		Release|Any CPU = Release|Any CPU
	EndGlobalSection
	GlobalSection(ProjectConfigurationPlatforms) = postSolution
		{EDE76607-F0DD-4AD0-A5C8-941F9B24E5DB}.Debug|Any CPU.ActiveCfg = Debug|Any CPU
		{EDE76607-F0DD-4AD0-A5C8-941F9B24E5DB}.Debug|Any CPU.Build.0 = Debug|Any CPU
		{EDE76607-F0DD-4AD0-A5C8-941F9B24E5DB}.Release|Any CPU.ActiveCfg = Release|Any CPU
		{EDE76607-F0DD-4AD0-A5C8-941F9B24E5DB}.Release|Any CPU.Build.0 = Release|Any CPU
		{1C9EBA53-5623-4F85-9138-FEC377C97151}.Debug|Any CPU.ActiveCfg = Debug|Any CPU
		{1C9EBA53-5623-4F85-9138-FEC377C97151}.Debug|Any CPU.Build.0 = Debug|Any CPU
		{1C9EBA53-5623-4F85-9138-FEC377C97151}.Release|Any CPU.ActiveCfg = Release|Any CPU
		{1C9EBA53-5623-4F85-9138-FEC377C97151}.Release|Any CPU.Build.0 = Release|Any CPU
		{51ED9DEF-0BA9-4218-B5B9-52A3E900C994}.Debug|Any CPU.ActiveCfg = Debug|Any CPU
		{51ED9DEF-0BA9-4218-B5B9-52A3E900C994}.Debug|Any CPU.Build.0 = Debug|Any CPU
		{51ED9DEF-0BA9-4218-B5B9-52A3E900C994}.Release|Any CPU.ActiveCfg = Release|Any CPU
		{51ED9DEF-0BA9-4218-B5B9-52A3E900C994}.Release|Any CPU.Build.0 = Release|Any CPU
	EndGlobalSection
	GlobalSection(SolutionProperties) = preSolution
		HideSolutionNode = FALSE
	EndGlobalSection
	GlobalSection(NestedProjects) = preSolution
		{EDE76607-F0DD-4AD0-A5C8-941F9B24E5DB} = {F3A43B98-784B-4D21-ACFF-0581AC56B060}
		{1C9EBA53-5623-4F85-9138-FEC377C97151} = {D8172E07-09DC-47A6-B8DC-9BAA7C983049}
		{51ED9DEF-0BA9-4218-B5B9-52A3E900C994} = {4B62C25D-AD1A-4C8A-AB3D-F0762E7A0D6C}
	EndGlobalSection
	GlobalSection(ExtensibilityGlobals) = postSolution
		SolutionGuid = {E1F77D30-CC9B-4742-9BCE-F65B3D7439A4}
	EndGlobalSection
EndGlobal
