
Microsoft Visual Studio Solution File, Format Version 12.00
# Visual Studio Version 16
VisualStudioVersion = 16.0.29709.97
MinimumVisualStudioVersion = 10.0.40219.1
Project("{2150E333-8FDC-42A3-9474-1A3956D46DE8}") = "Microservices", "Microservices", "{C1140BCD-CFFC-4F36-B8B5-6AA4FA2C845D}"
EndProject
Project("{2150E333-8FDC-42A3-9474-1A3956D46DE8}") = "Domain", "Domain", "{F3A43B98-784B-4D21-ACFF-0581AC56B060}"
EndProject
Project("{2150E333-8FDC-42A3-9474-1A3956D46DE8}") = "Infra.Bus", "Infra.Bus", "{D8172E07-09DC-47A6-B8DC-9BAA7C983049}"
EndProject
Project("{2150E333-8FDC-42A3-9474-1A3956D46DE8}") = "Infra.IOC", "Infra.IOC", "{4B62C25D-AD1A-4C8A-AB3D-F0762E7A0D6C}"
EndProject
Project("{2150E333-8FDC-42A3-9474-1A3956D46DE8}") = "Presentation", "Presentation", "{96E6AD89-14CF-4225-8AB2-51F93300A794}"
EndProject
Project("{9A19103F-16F7-4668-BE54-9A1E7A4F7556}") = "MicroRabbit.Domail.Core", "MicroRabbit.Domail.Core\MicroRabbit.Domail.Core.csproj", "{EDE76607-F0DD-4AD0-A5C8-941F9B24E5DB}"
EndProject
Project("{9A19103F-16F7-4668-BE54-9A1E7A4F7556}") = "MicroRabbit.Infra.Bus", "MicroRabbit.Infra.Bus\MicroRabbit.Infra.Bus.csproj", "{1C9EBA53-5623-4F85-9138-FEC377C97151}"
EndProject
Project("{9A19103F-16F7-4668-BE54-9A1E7A4F7556}") = "MicroRabbit.Infra.IoC", "MicroRabbit.Infra.IoC\MicroRabbit.Infra.IoC.csproj", "{51ED9DEF-0BA9-4218-B5B9-52A3E900C994}"
EndProject
Project("{2150E333-8FDC-42A3-9474-1A3956D46DE8}") = "Banking", "Banking", "{1FB08994-E613-4B3F-A389-9DCA34A90476}"
EndProject
Project("{2150E333-8FDC-42A3-9474-1A3956D46DE8}") = "Api", "Api", "{6F8B8CB4-F51C-4516-B0AF-D2D39F3102B6}"
EndProject
Project("{2150E333-8FDC-42A3-9474-1A3956D46DE8}") = "Domain", "Domain", "{702AAA0C-C0BB-4CBF-96D0-F6EC8854269B}"
EndProject
Project("{2150E333-8FDC-42A3-9474-1A3956D46DE8}") = "Application", "Application", "{5DC21BEC-DCEF-4681-8FDC-537A48EDED9A}"
EndProject
Project("{2150E333-8FDC-42A3-9474-1A3956D46DE8}") = "Data", "Data", "{5B3ED003-51B6-4C1C-8CF6-5D2E3C73DB7E}"
EndProject
Project("{FAE04EC0-301F-11D3-BF4B-00C04F79EFBC}") = "MicroRabbit.Banking.Api", "MicroRabbit.Banking.Api\MicroRabbit.Banking.Api.csproj", "{FCE97A5C-52B4-4EC5-827C-461AA9E7E5C2}"
EndProject
Project("{FAE04EC0-301F-11D3-BF4B-00C04F79EFBC}") = "MicroRabbit.Banking.Application", "MicroRabbit.Banking.Application\MicroRabbit.Banking.Application.csproj", "{27EAACE9-0D69-46D2-8A89-8A2273483949}"
EndProject
Project("{FAE04EC0-301F-11D3-BF4B-00C04F79EFBC}") = "MicroRabbit.Banking.Data", "MicroRabbit.Banking.Data\MicroRabbit.Banking.Data.csproj", "{78C01790-3ED9-433D-9BE0-33B2068F3796}"
EndProject
Project("{FAE04EC0-301F-11D3-BF4B-00C04F79EFBC}") = "MicroRabbit.Banking.Domain", "MicroRabbit.Banking.Domain\MicroRabbit.Banking.Domain.csproj", "{CE2E5D2A-9C97-4BD5-8662-B69DE65E9DD3}"
EndProject
Global
	GlobalSection(SolutionConfigurationPlatforms) = preSolution
		Debug|Any CPU = Debug|Any CPU
		Release|Any CPU = Release|Any CPU
	EndGlobalSection
	GlobalSection(ProjectConfigurationPlatforms) = postSolution
		{EDE76607-F0DD-4AD0-A5C8-941F9B24E5DB}.Debug|Any CPU.ActiveCfg = Debug|Any CPU
		{EDE76607-F0DD-4AD0-A5C8-941F9B24E5DB}.Debug|Any CPU.Build.0 = Debug|Any CPU
		{EDE76607-F0DD-4AD0-A5C8-941F9B24E5DB}.Release|Any CPU.ActiveCfg = Release|Any CPU
		{EDE76607-F0DD-4AD0-A5C8-941F9B24E5DB}.Release|Any CPU.Build.0 = Release|Any CPU
		{1C9EBA53-5623-4F85-9138-FEC377C97151}.Debug|Any CPU.ActiveCfg = Debug|Any CPU
		{1C9EBA53-5623-4F85-9138-FEC377C97151}.Debug|Any CPU.Build.0 = Debug|Any CPU
		{1C9EBA53-5623-4F85-9138-FEC377C97151}.Release|Any CPU.ActiveCfg = Release|Any CPU
		{1C9EBA53-5623-4F85-9138-FEC377C97151}.Release|Any CPU.Build.0 = Release|Any CPU
		{51ED9DEF-0BA9-4218-B5B9-52A3E900C994}.Debug|Any CPU.ActiveCfg = Debug|Any CPU
		{51ED9DEF-0BA9-4218-B5B9-52A3E900C994}.Debug|Any CPU.Build.0 = Debug|Any CPU
		{51ED9DEF-0BA9-4218-B5B9-52A3E900C994}.Release|Any CPU.ActiveCfg = Release|Any CPU
		{51ED9DEF-0BA9-4218-B5B9-52A3E900C994}.Release|Any CPU.Build.0 = Release|Any CPU
		{FCE97A5C-52B4-4EC5-827C-461AA9E7E5C2}.Debug|Any CPU.ActiveCfg = Debug|Any CPU
		{FCE97A5C-52B4-4EC5-827C-461AA9E7E5C2}.Debug|Any CPU.Build.0 = Debug|Any CPU
		{FCE97A5C-52B4-4EC5-827C-461AA9E7E5C2}.Release|Any CPU.ActiveCfg = Release|Any CPU
		{FCE97A5C-52B4-4EC5-827C-461AA9E7E5C2}.Release|Any CPU.Build.0 = Release|Any CPU
		{27EAACE9-0D69-46D2-8A89-8A2273483949}.Debug|Any CPU.ActiveCfg = Debug|Any CPU
		{27EAACE9-0D69-46D2-8A89-8A2273483949}.Debug|Any CPU.Build.0 = Debug|Any CPU
		{27EAACE9-0D69-46D2-8A89-8A2273483949}.Release|Any CPU.ActiveCfg = Release|Any CPU
		{27EAACE9-0D69-46D2-8A89-8A2273483949}.Release|Any CPU.Build.0 = Release|Any CPU
		{78C01790-3ED9-433D-9BE0-33B2068F3796}.Debug|Any CPU.ActiveCfg = Debug|Any CPU
		{78C01790-3ED9-433D-9BE0-33B2068F3796}.Debug|Any CPU.Build.0 = Debug|Any CPU
		{78C01790-3ED9-433D-9BE0-33B2068F3796}.Release|Any CPU.ActiveCfg = Release|Any CPU
		{78C01790-3ED9-433D-9BE0-33B2068F3796}.Release|Any CPU.Build.0 = Release|Any CPU
		{CE2E5D2A-9C97-4BD5-8662-B69DE65E9DD3}.Debug|Any CPU.ActiveCfg = Debug|Any CPU
		{CE2E5D2A-9C97-4BD5-8662-B69DE65E9DD3}.Debug|Any CPU.Build.0 = Debug|Any CPU
		{CE2E5D2A-9C97-4BD5-8662-B69DE65E9DD3}.Release|Any CPU.ActiveCfg = Release|Any CPU
		{CE2E5D2A-9C97-4BD5-8662-B69DE65E9DD3}.Release|Any CPU.Build.0 = Release|Any CPU
	EndGlobalSection
	GlobalSection(SolutionProperties) = preSolution
		HideSolutionNode = FALSE
	EndGlobalSection
	GlobalSection(NestedProjects) = preSolution
		{EDE76607-F0DD-4AD0-A5C8-941F9B24E5DB} = {F3A43B98-784B-4D21-ACFF-0581AC56B060}
		{1C9EBA53-5623-4F85-9138-FEC377C97151} = {D8172E07-09DC-47A6-B8DC-9BAA7C983049}
		{51ED9DEF-0BA9-4218-B5B9-52A3E900C994} = {4B62C25D-AD1A-4C8A-AB3D-F0762E7A0D6C}
		{1FB08994-E613-4B3F-A389-9DCA34A90476} = {C1140BCD-CFFC-4F36-B8B5-6AA4FA2C845D}
		{6F8B8CB4-F51C-4516-B0AF-D2D39F3102B6} = {1FB08994-E613-4B3F-A389-9DCA34A90476}
		{702AAA0C-C0BB-4CBF-96D0-F6EC8854269B} = {1FB08994-E613-4B3F-A389-9DCA34A90476}
		{5DC21BEC-DCEF-4681-8FDC-537A48EDED9A} = {1FB08994-E613-4B3F-A389-9DCA34A90476}
		{5B3ED003-51B6-4C1C-8CF6-5D2E3C73DB7E} = {1FB08994-E613-4B3F-A389-9DCA34A90476}
		{FCE97A5C-52B4-4EC5-827C-461AA9E7E5C2} = {6F8B8CB4-F51C-4516-B0AF-D2D39F3102B6}
		{27EAACE9-0D69-46D2-8A89-8A2273483949} = {5DC21BEC-DCEF-4681-8FDC-537A48EDED9A}
		{78C01790-3ED9-433D-9BE0-33B2068F3796} = {5B3ED003-51B6-4C1C-8CF6-5D2E3C73DB7E}
		{CE2E5D2A-9C97-4BD5-8662-B69DE65E9DD3} = {702AAA0C-C0BB-4CBF-96D0-F6EC8854269B}
	EndGlobalSection
	GlobalSection(ExtensibilityGlobals) = postSolution
		SolutionGuid = {E1F77D30-CC9B-4742-9BCE-F65B3D7439A4}
	EndGlobalSection
EndGlobal
